// !$*UTF8*$!
{
	archiveVersion = 1;
	classes = {
	};
	objectVersion = 56;
	objects = {

/* Begin PBXBuildFile section */
		05491C0E2A77B854008C59A5 /* AppDelegate.swift in Sources */ = {isa = PBXBuildFile; fileRef = 05491C0D2A77B854008C59A5 /* AppDelegate.swift */; };
		05491C3E2A77B854008C59A5 /* Assets.xcassets in Resources */ = {isa = PBXBuildFile; fileRef = 05491C052A77B854008C59A5 /* Assets.xcassets */; };
		054AA4402A822E6900014122 /* ThrowingData.swift in Sources */ = {isa = PBXBuildFile; fileRef = 054AA43F2A822E6900014122 /* ThrowingData.swift */; };
		054AA4412A822E6900014122 /* ThrowingData.swift in Sources */ = {isa = PBXBuildFile; fileRef = 054AA43F2A822E6900014122 /* ThrowingData.swift */; };
		05587E642A8A11FA002E135A /* BowlingGameApp.swift in Sources */ = {isa = PBXBuildFile; fileRef = 05587E632A8A11FA002E135A /* BowlingGameApp.swift */; };
		05587E662A8A1275002E135A /* ContentView.swift in Sources */ = {isa = PBXBuildFile; fileRef = 05587E652A8A1275002E135A /* ContentView.swift */; };
		05587E682A8A174D002E135A /* BowlingGameView.swift in Sources */ = {isa = PBXBuildFile; fileRef = 05587E672A8A174D002E135A /* BowlingGameView.swift */; };
		0572B09E2A80E4B700E9533D /* SessionDelegater.swift in Sources */ = {isa = PBXBuildFile; fileRef = 0572B09D2A80E4B700E9533D /* SessionDelegater.swift */; };
		0572B09F2A80E4B700E9533D /* SessionDelegater.swift in Sources */ = {isa = PBXBuildFile; fileRef = 0572B09D2A80E4B700E9533D /* SessionDelegater.swift */; };
		05796A882A80A96400A36A97 /* BowlingViewController.swift in Sources */ = {isa = PBXBuildFile; fileRef = 05796A872A80A96400A36A97 /* BowlingViewController.swift */; };
		059E80B82A7A50D90069EF60 /* Bowling_GameApp.swift in Sources */ = {isa = PBXBuildFile; fileRef = 059E80B72A7A50D90069EF60 /* Bowling_GameApp.swift */; };
		059E80BA2A7A50D90069EF60 /* ContentView.swift in Sources */ = {isa = PBXBuildFile; fileRef = 059E80B92A7A50D90069EF60 /* ContentView.swift */; };
		059E80BF2A7A50DA0069EF60 /* Preview Assets.xcassets in Resources */ = {isa = PBXBuildFile; fileRef = 059E80BE2A7A50DA0069EF60 /* Preview Assets.xcassets */; };
		059E80D82A7A50DA0069EF60 /* Bowling Game Watch App.app in Embed Watch Content */ = {isa = PBXBuildFile; fileRef = 059E80B52A7A50D90069EF60 /* Bowling Game Watch App.app */; settings = {ATTRIBUTES = (RemoveHeadersOnCopy, ); }; };
		059E80E32A7A515E0069EF60 /* MotionManager.swift in Sources */ = {isa = PBXBuildFile; fileRef = 059E80AF2A7A4F450069EF60 /* MotionManager.swift */; };
		059E80E52A7A56620069EF60 /* RunningBuffer.swift in Sources */ = {isa = PBXBuildFile; fileRef = 059E80E42A7A56620069EF60 /* RunningBuffer.swift */; };
		05D11B7D2A7F9F9200AE174B /* UIViewControllerExtension.swift in Sources */ = {isa = PBXBuildFile; fileRef = 05D11B7C2A7F9F9200AE174B /* UIViewControllerExtension.swift */; };
		05D11B812A7F9FBB00AE174B /* UIViewExtension.swift in Sources */ = {isa = PBXBuildFile; fileRef = 05D11B802A7F9FBB00AE174B /* UIViewExtension.swift */; };
		05D11B872A7FA13100AE174B /* BallViewController.swift in Sources */ = {isa = PBXBuildFile; fileRef = 05D11B862A7FA13100AE174B /* BallViewController.swift */; };
		05D11B8C2A7FA31500AE174B /* Assets.xcassets in Resources */ = {isa = PBXBuildFile; fileRef = 05D11B8B2A7FA31500AE174B /* Assets.xcassets */; };
		05D11B942A809F5900AE174B /* art.scnassets in Resources */ = {isa = PBXBuildFile; fileRef = 05D11B932A809F5900AE174B /* art.scnassets */; };
		05D11B972A809F5900AE174B /* art.scnassets in Resources */ = {isa = PBXBuildFile; fileRef = 05D11B932A809F5900AE174B /* art.scnassets */; };
		05D11B992A809FCA00AE174B /* BowlingScene.swift in Sources */ = {isa = PBXBuildFile; fileRef = 05D11B982A809FCA00AE174B /* BowlingScene.swift */; };
		05D11B9C2A809FCA00AE174B /* BowlingScene.swift in Sources */ = {isa = PBXBuildFile; fileRef = 05D11B982A809FCA00AE174B /* BowlingScene.swift */; };
		05E1E2ED2A7A6C27009AAA4E /* WorkoutManager.swift in Sources */ = {isa = PBXBuildFile; fileRef = 05E1E2EC2A7A6C27009AAA4E /* WorkoutManager.swift */; };
/* End PBXBuildFile section */

/* Begin PBXContainerItemProxy section */
		052941632A8CE13B0057F19B /* PBXContainerItemProxy */ = {
			isa = PBXContainerItemProxy;
			containerPortal = 05491BFD2A77B852008C59A5 /* Project object */;
			proxyType = 1;
			remoteGlobalIDString = 059E80B42A7A50D90069EF60;
			remoteInfo = "Bowling Game Watch App";
		};
/* End PBXContainerItemProxy section */

/* Begin PBXCopyFilesBuildPhase section */
		059E80DC2A7A50DA0069EF60 /* Embed Watch Content */ = {
			isa = PBXCopyFilesBuildPhase;
			buildActionMask = 2147483647;
			dstPath = "$(CONTENTS_FOLDER_PATH)/Watch";
			dstSubfolderSpec = 16;
			files = (
				059E80D82A7A50DA0069EF60 /* Bowling Game Watch App.app in Embed Watch Content */,
			);
			name = "Embed Watch Content";
			runOnlyForDeploymentPostprocessing = 0;
		};
/* End PBXCopyFilesBuildPhase section */

/* Begin PBXFileReference section */
		052941652A8CE3F50057F19B /* Bowling Game iOS.entitlements */ = {isa = PBXFileReference; lastKnownFileType = text.plist.entitlements; path = "Bowling Game iOS.entitlements"; sourceTree = "<group>"; };
		05491C052A77B854008C59A5 /* Assets.xcassets */ = {isa = PBXFileReference; lastKnownFileType = folder.assetcatalog; path = Assets.xcassets; sourceTree = "<group>"; };
		05491C0A2A77B854008C59A5 /* Bowling Game.app */ = {isa = PBXFileReference; explicitFileType = wrapper.application; includeInIndex = 0; path = "Bowling Game.app"; sourceTree = BUILT_PRODUCTS_DIR; };
		05491C0D2A77B854008C59A5 /* AppDelegate.swift */ = {isa = PBXFileReference; lastKnownFileType = sourcecode.swift; path = AppDelegate.swift; sourceTree = "<group>"; };
		054AA43F2A822E6900014122 /* ThrowingData.swift */ = {isa = PBXFileReference; lastKnownFileType = sourcecode.swift; path = ThrowingData.swift; sourceTree = "<group>"; };
		05587E632A8A11FA002E135A /* BowlingGameApp.swift */ = {isa = PBXFileReference; lastKnownFileType = sourcecode.swift; path = BowlingGameApp.swift; sourceTree = "<group>"; };
		05587E652A8A1275002E135A /* ContentView.swift */ = {isa = PBXFileReference; lastKnownFileType = sourcecode.swift; path = ContentView.swift; sourceTree = "<group>"; };
		05587E672A8A174D002E135A /* BowlingGameView.swift */ = {isa = PBXFileReference; lastKnownFileType = sourcecode.swift; path = BowlingGameView.swift; sourceTree = "<group>"; };
		0572B09D2A80E4B700E9533D /* SessionDelegater.swift */ = {isa = PBXFileReference; lastKnownFileType = sourcecode.swift; path = SessionDelegater.swift; sourceTree = "<group>"; };
		05796A872A80A96400A36A97 /* BowlingViewController.swift */ = {isa = PBXFileReference; lastKnownFileType = sourcecode.swift; path = BowlingViewController.swift; sourceTree = "<group>"; };
		059E80AF2A7A4F450069EF60 /* MotionManager.swift */ = {isa = PBXFileReference; lastKnownFileType = sourcecode.swift; path = MotionManager.swift; sourceTree = "<group>"; };
		059E80B52A7A50D90069EF60 /* Bowling Game Watch App.app */ = {isa = PBXFileReference; explicitFileType = wrapper.application; includeInIndex = 0; path = "Bowling Game Watch App.app"; sourceTree = BUILT_PRODUCTS_DIR; };
		059E80B72A7A50D90069EF60 /* Bowling_GameApp.swift */ = {isa = PBXFileReference; lastKnownFileType = sourcecode.swift; path = Bowling_GameApp.swift; sourceTree = "<group>"; };
		059E80B92A7A50D90069EF60 /* ContentView.swift */ = {isa = PBXFileReference; lastKnownFileType = sourcecode.swift; path = ContentView.swift; sourceTree = "<group>"; };
		059E80BE2A7A50DA0069EF60 /* Preview Assets.xcassets */ = {isa = PBXFileReference; lastKnownFileType = folder.assetcatalog; path = "Preview Assets.xcassets"; sourceTree = "<group>"; };
		059E80E42A7A56620069EF60 /* RunningBuffer.swift */ = {isa = PBXFileReference; fileEncoding = 4; lastKnownFileType = sourcecode.swift; path = RunningBuffer.swift; sourceTree = "<group>"; };
		05C3B3C82A7CD98300607281 /* Bowling Game Watch App.entitlements */ = {isa = PBXFileReference; lastKnownFileType = text.plist.entitlements; path = "Bowling Game Watch App.entitlements"; sourceTree = "<group>"; };
		05D11B7C2A7F9F9200AE174B /* UIViewControllerExtension.swift */ = {isa = PBXFileReference; lastKnownFileType = sourcecode.swift; path = UIViewControllerExtension.swift; sourceTree = "<group>"; };
		05D11B802A7F9FBB00AE174B /* UIViewExtension.swift */ = {isa = PBXFileReference; lastKnownFileType = sourcecode.swift; path = UIViewExtension.swift; sourceTree = "<group>"; };
		05D11B862A7FA13100AE174B /* BallViewController.swift */ = {isa = PBXFileReference; lastKnownFileType = sourcecode.swift; path = BallViewController.swift; sourceTree = "<group>"; };
		05D11B8B2A7FA31500AE174B /* Assets.xcassets */ = {isa = PBXFileReference; lastKnownFileType = folder.assetcatalog; name = Assets.xcassets; path = "Bowling Game Watch App/Assets.xcassets"; sourceTree = SOURCE_ROOT; };
		05D11B932A809F5900AE174B /* art.scnassets */ = {isa = PBXFileReference; lastKnownFileType = wrapper.scnassets; path = art.scnassets; sourceTree = "<group>"; };
		05D11B982A809FCA00AE174B /* BowlingScene.swift */ = {isa = PBXFileReference; lastKnownFileType = sourcecode.swift; path = BowlingScene.swift; sourceTree = "<group>"; };
		05E1E2EB2A7A6997009AAA4E /* Bowling-Game-Watch-App-Info.plist */ = {isa = PBXFileReference; lastKnownFileType = text.plist; path = "Bowling-Game-Watch-App-Info.plist"; sourceTree = SOURCE_ROOT; };
		05E1E2EC2A7A6C27009AAA4E /* WorkoutManager.swift */ = {isa = PBXFileReference; lastKnownFileType = sourcecode.swift; path = WorkoutManager.swift; sourceTree = "<group>"; };
/* End PBXFileReference section */

/* Begin PBXFrameworksBuildPhase section */
		05491C072A77B854008C59A5 /* Frameworks */ = {
			isa = PBXFrameworksBuildPhase;
			buildActionMask = 2147483647;
			files = (
			);
			runOnlyForDeploymentPostprocessing = 0;
		};
		059E80B22A7A50D90069EF60 /* Frameworks */ = {
			isa = PBXFrameworksBuildPhase;
			buildActionMask = 2147483647;
			files = (
			);
			runOnlyForDeploymentPostprocessing = 0;
		};
/* End PBXFrameworksBuildPhase section */

/* Begin PBXGroup section */
		05491BFC2A77B852008C59A5 = {
			isa = PBXGroup;
			children = (
				05491C012A77B852008C59A5 /* Bowling Game Shared */,
				05491C0C2A77B854008C59A5 /* Bowling Game iOS */,
				059E80B62A7A50D90069EF60 /* Bowling Game Watch App */,
				05491C0B2A77B854008C59A5 /* Products */,
			);
			sourceTree = "<group>";
		};
		05491C012A77B852008C59A5 /* Bowling Game Shared */ = {
			isa = PBXGroup;
			children = (
				054AA43E2A822E4C00014122 /* Model */,
				05D11B842A7FA0EE00AE174B /* Component */,
				05D11B7B2A7F9F8000AE174B /* Extension */,
				05D11B932A809F5900AE174B /* art.scnassets */,
				05D11B982A809FCA00AE174B /* BowlingScene.swift */,
				0572B09D2A80E4B700E9533D /* SessionDelegater.swift */,
				05491C052A77B854008C59A5 /* Assets.xcassets */,
			);
			path = "Bowling Game Shared";
			sourceTree = "<group>";
		};
		05491C0B2A77B854008C59A5 /* Products */ = {
			isa = PBXGroup;
			children = (
				05491C0A2A77B854008C59A5 /* Bowling Game.app */,
				059E80B52A7A50D90069EF60 /* Bowling Game Watch App.app */,
			);
			name = Products;
			sourceTree = "<group>";
		};
		05491C0C2A77B854008C59A5 /* Bowling Game iOS */ = {
			isa = PBXGroup;
			children = (
				052941652A8CE3F50057F19B /* Bowling Game iOS.entitlements */,
				05587E672A8A174D002E135A /* BowlingGameView.swift */,
				05587E652A8A1275002E135A /* ContentView.swift */,
				05587E632A8A11FA002E135A /* BowlingGameApp.swift */,
				05491C0D2A77B854008C59A5 /* AppDelegate.swift */,
				05796A872A80A96400A36A97 /* BowlingViewController.swift */,
			);
			path = "Bowling Game iOS";
			sourceTree = "<group>";
		};
		054AA43E2A822E4C00014122 /* Model */ = {
			isa = PBXGroup;
			children = (
				054AA43F2A822E6900014122 /* ThrowingData.swift */,
			);
			path = Model;
			sourceTree = "<group>";
		};
		059E80B62A7A50D90069EF60 /* Bowling Game Watch App */ = {
			isa = PBXGroup;
			children = (
				05C3B3C82A7CD98300607281 /* Bowling Game Watch App.entitlements */,
				05E1E2EB2A7A6997009AAA4E /* Bowling-Game-Watch-App-Info.plist */,
				05E1E2EC2A7A6C27009AAA4E /* WorkoutManager.swift */,
				059E80AF2A7A4F450069EF60 /* MotionManager.swift */,
				059E80E42A7A56620069EF60 /* RunningBuffer.swift */,
				059E80B72A7A50D90069EF60 /* Bowling_GameApp.swift */,
				059E80B92A7A50D90069EF60 /* ContentView.swift */,
				05D11B8B2A7FA31500AE174B /* Assets.xcassets */,
				059E80BD2A7A50DA0069EF60 /* Preview Content */,
			);
			path = "Bowling Game Watch App";
			sourceTree = "<group>";
		};
		059E80BD2A7A50DA0069EF60 /* Preview Content */ = {
			isa = PBXGroup;
			children = (
				059E80BE2A7A50DA0069EF60 /* Preview Assets.xcassets */,
			);
			path = "Preview Content";
			sourceTree = "<group>";
		};
		05D11B7B2A7F9F8000AE174B /* Extension */ = {
			isa = PBXGroup;
			children = (
				05D11B7C2A7F9F9200AE174B /* UIViewControllerExtension.swift */,
				05D11B802A7F9FBB00AE174B /* UIViewExtension.swift */,
			);
			path = Extension;
			sourceTree = "<group>";
		};
		05D11B842A7FA0EE00AE174B /* Component */ = {
			isa = PBXGroup;
			children = (
				05D11B8A2A7FA1D700AE174B /* SceneView */,
			);
			path = Component;
			sourceTree = "<group>";
		};
		05D11B8A2A7FA1D700AE174B /* SceneView */ = {
			isa = PBXGroup;
			children = (
				05D11B862A7FA13100AE174B /* BallViewController.swift */,
			);
			path = SceneView;
			sourceTree = "<group>";
		};
/* End PBXGroup section */

/* Begin PBXNativeTarget section */
		05491C092A77B854008C59A5 /* Bowling Game iOS */ = {
			isa = PBXNativeTarget;
			buildConfigurationList = 05491C432A77B854008C59A5 /* Build configuration list for PBXNativeTarget "Bowling Game iOS" */;
			buildPhases = (
				05491C062A77B854008C59A5 /* Sources */,
				05491C072A77B854008C59A5 /* Frameworks */,
				05491C082A77B854008C59A5 /* Resources */,
				059E80DC2A7A50DA0069EF60 /* Embed Watch Content */,
			);
			buildRules = (
			);
			dependencies = (
				052941642A8CE13B0057F19B /* PBXTargetDependency */,
			);
			name = "Bowling Game iOS";
			productName = "Bowling Game iOS";
			productReference = 05491C0A2A77B854008C59A5 /* Bowling Game.app */;
			productType = "com.apple.product-type.application";
		};
		059E80B42A7A50D90069EF60 /* Bowling Game Watch App */ = {
			isa = PBXNativeTarget;
			buildConfigurationList = 059E80D92A7A50DA0069EF60 /* Build configuration list for PBXNativeTarget "Bowling Game Watch App" */;
			buildPhases = (
				059E80B12A7A50D90069EF60 /* Sources */,
				059E80B22A7A50D90069EF60 /* Frameworks */,
				059E80B32A7A50D90069EF60 /* Resources */,
			);
			buildRules = (
			);
			dependencies = (
			);
			name = "Bowling Game Watch App";
			productName = "Bowling Game Watch App";
			productReference = 059E80B52A7A50D90069EF60 /* Bowling Game Watch App.app */;
			productType = "com.apple.product-type.application";
		};
/* End PBXNativeTarget section */

/* Begin PBXProject section */
		05491BFD2A77B852008C59A5 /* Project object */ = {
			isa = PBXProject;
			attributes = {
				BuildIndependentTargetsInParallel = 1;
				LastSwiftUpdateCheck = 1430;
				LastUpgradeCheck = 1430;
				TargetAttributes = {
					05491C092A77B854008C59A5 = {
						CreatedOnToolsVersion = 14.3.1;
					};
					059E80B42A7A50D90069EF60 = {
						CreatedOnToolsVersion = 14.3.1;
					};
				};
			};
			buildConfigurationList = 05491C002A77B852008C59A5 /* Build configuration list for PBXProject "Bowling Game" */;
			compatibilityVersion = "Xcode 14.0";
			developmentRegion = en;
			hasScannedForEncodings = 0;
			knownRegions = (
				en,
				Base,
			);
			mainGroup = 05491BFC2A77B852008C59A5;
			productRefGroup = 05491C0B2A77B854008C59A5 /* Products */;
			projectDirPath = "";
			projectRoot = "";
			targets = (
				05491C092A77B854008C59A5 /* Bowling Game iOS */,
				059E80B42A7A50D90069EF60 /* Bowling Game Watch App */,
			);
		};
/* End PBXProject section */

/* Begin PBXResourcesBuildPhase section */
		05491C082A77B854008C59A5 /* Resources */ = {
			isa = PBXResourcesBuildPhase;
			buildActionMask = 2147483647;
			files = (
				05D11B942A809F5900AE174B /* art.scnassets in Resources */,
				05491C3E2A77B854008C59A5 /* Assets.xcassets in Resources */,
			);
			runOnlyForDeploymentPostprocessing = 0;
		};
		059E80B32A7A50D90069EF60 /* Resources */ = {
			isa = PBXResourcesBuildPhase;
			buildActionMask = 2147483647;
			files = (
				05D11B972A809F5900AE174B /* art.scnassets in Resources */,
				05D11B8C2A7FA31500AE174B /* Assets.xcassets in Resources */,
				059E80BF2A7A50DA0069EF60 /* Preview Assets.xcassets in Resources */,
			);
			runOnlyForDeploymentPostprocessing = 0;
		};
/* End PBXResourcesBuildPhase section */

/* Begin PBXSourcesBuildPhase section */
		05491C062A77B854008C59A5 /* Sources */ = {
			isa = PBXSourcesBuildPhase;
			buildActionMask = 2147483647;
			files = (
				0572B09E2A80E4B700E9533D /* SessionDelegater.swift in Sources */,
				05D11B812A7F9FBB00AE174B /* UIViewExtension.swift in Sources */,
				05587E662A8A1275002E135A /* ContentView.swift in Sources */,
				05587E682A8A174D002E135A /* BowlingGameView.swift in Sources */,
				05D11B992A809FCA00AE174B /* BowlingScene.swift in Sources */,
				054AA4402A822E6900014122 /* ThrowingData.swift in Sources */,
				05D11B872A7FA13100AE174B /* BallViewController.swift in Sources */,
				05D11B7D2A7F9F9200AE174B /* UIViewControllerExtension.swift in Sources */,
				05491C0E2A77B854008C59A5 /* AppDelegate.swift in Sources */,
				05796A882A80A96400A36A97 /* BowlingViewController.swift in Sources */,
				05587E642A8A11FA002E135A /* BowlingGameApp.swift in Sources */,
			);
			runOnlyForDeploymentPostprocessing = 0;
		};
		059E80B12A7A50D90069EF60 /* Sources */ = {
			isa = PBXSourcesBuildPhase;
			buildActionMask = 2147483647;
			files = (
				059E80BA2A7A50D90069EF60 /* ContentView.swift in Sources */,
				054AA4412A822E6900014122 /* ThrowingData.swift in Sources */,
				059E80E52A7A56620069EF60 /* RunningBuffer.swift in Sources */,
				0572B09F2A80E4B700E9533D /* SessionDelegater.swift in Sources */,
				05E1E2ED2A7A6C27009AAA4E /* WorkoutManager.swift in Sources */,
				05D11B9C2A809FCA00AE174B /* BowlingScene.swift in Sources */,
				059E80E32A7A515E0069EF60 /* MotionManager.swift in Sources */,
				059E80B82A7A50D90069EF60 /* Bowling_GameApp.swift in Sources */,
			);
			runOnlyForDeploymentPostprocessing = 0;
		};
/* End PBXSourcesBuildPhase section */

/* Begin PBXTargetDependency section */
		052941642A8CE13B0057F19B /* PBXTargetDependency */ = {
			isa = PBXTargetDependency;
			target = 059E80B42A7A50D90069EF60 /* Bowling Game Watch App */;
			targetProxy = 052941632A8CE13B0057F19B /* PBXContainerItemProxy */;
		};
/* End PBXTargetDependency section */

/* Begin XCBuildConfiguration section */
		05491C412A77B854008C59A5 /* Debug */ = {
			isa = XCBuildConfiguration;
			buildSettings = {
				ALWAYS_SEARCH_USER_PATHS = NO;
				CLANG_ANALYZER_NONNULL = YES;
				CLANG_ANALYZER_NUMBER_OBJECT_CONVERSION = YES_AGGRESSIVE;
				CLANG_CXX_LANGUAGE_STANDARD = "gnu++20";
				CLANG_ENABLE_MODULES = YES;
				CLANG_ENABLE_OBJC_ARC = YES;
				CLANG_ENABLE_OBJC_WEAK = YES;
				CLANG_WARN_BLOCK_CAPTURE_AUTORELEASING = YES;
				CLANG_WARN_BOOL_CONVERSION = YES;
				CLANG_WARN_COMMA = YES;
				CLANG_WARN_CONSTANT_CONVERSION = YES;
				CLANG_WARN_DEPRECATED_OBJC_IMPLEMENTATIONS = YES;
				CLANG_WARN_DIRECT_OBJC_ISA_USAGE = YES_ERROR;
				CLANG_WARN_DOCUMENTATION_COMMENTS = YES;
				CLANG_WARN_EMPTY_BODY = YES;
				CLANG_WARN_ENUM_CONVERSION = YES;
				CLANG_WARN_INFINITE_RECURSION = YES;
				CLANG_WARN_INT_CONVERSION = YES;
				CLANG_WARN_NON_LITERAL_NULL_CONVERSION = YES;
				CLANG_WARN_OBJC_IMPLICIT_RETAIN_SELF = YES;
				CLANG_WARN_OBJC_LITERAL_CONVERSION = YES;
				CLANG_WARN_OBJC_ROOT_CLASS = YES_ERROR;
				CLANG_WARN_QUOTED_INCLUDE_IN_FRAMEWORK_HEADER = YES;
				CLANG_WARN_RANGE_LOOP_ANALYSIS = YES;
				CLANG_WARN_STRICT_PROTOTYPES = YES;
				CLANG_WARN_SUSPICIOUS_MOVE = YES;
				CLANG_WARN_UNGUARDED_AVAILABILITY = YES_AGGRESSIVE;
				CLANG_WARN_UNREACHABLE_CODE = YES;
				CLANG_WARN__DUPLICATE_METHOD_MATCH = YES;
				COPY_PHASE_STRIP = NO;
				DEBUG_INFORMATION_FORMAT = dwarf;
				ENABLE_STRICT_OBJC_MSGSEND = YES;
				ENABLE_TESTABILITY = YES;
				GCC_C_LANGUAGE_STANDARD = gnu11;
				GCC_DYNAMIC_NO_PIC = NO;
				GCC_NO_COMMON_BLOCKS = YES;
				GCC_OPTIMIZATION_LEVEL = 0;
				GCC_PREPROCESSOR_DEFINITIONS = (
					"DEBUG=1",
					"$(inherited)",
				);
				GCC_WARN_64_TO_32_BIT_CONVERSION = YES;
				GCC_WARN_ABOUT_RETURN_TYPE = YES_ERROR;
				GCC_WARN_UNDECLARED_SELECTOR = YES;
				GCC_WARN_UNINITIALIZED_AUTOS = YES_AGGRESSIVE;
				GCC_WARN_UNUSED_FUNCTION = YES;
				GCC_WARN_UNUSED_VARIABLE = YES;
				IPHONEOS_DEPLOYMENT_TARGET = 16.4;
				MTL_ENABLE_DEBUG_INFO = INCLUDE_SOURCE;
				MTL_FAST_MATH = YES;
				ONLY_ACTIVE_ARCH = YES;
				SDKROOT = iphoneos;
				SUPPORTED_PLATFORMS = "iphonesimulator iphoneos";
				SWIFT_ACTIVE_COMPILATION_CONDITIONS = DEBUG;
				SWIFT_OPTIMIZATION_LEVEL = "-Onone";
				WATCHOS_DEPLOYMENT_TARGET = 9.4;
			};
			name = Debug;
		};
		05491C422A77B854008C59A5 /* Release */ = {
			isa = XCBuildConfiguration;
			buildSettings = {
				ALWAYS_SEARCH_USER_PATHS = NO;
				CLANG_ANALYZER_NONNULL = YES;
				CLANG_ANALYZER_NUMBER_OBJECT_CONVERSION = YES_AGGRESSIVE;
				CLANG_CXX_LANGUAGE_STANDARD = "gnu++20";
				CLANG_ENABLE_MODULES = YES;
				CLANG_ENABLE_OBJC_ARC = YES;
				CLANG_ENABLE_OBJC_WEAK = YES;
				CLANG_WARN_BLOCK_CAPTURE_AUTORELEASING = YES;
				CLANG_WARN_BOOL_CONVERSION = YES;
				CLANG_WARN_COMMA = YES;
				CLANG_WARN_CONSTANT_CONVERSION = YES;
				CLANG_WARN_DEPRECATED_OBJC_IMPLEMENTATIONS = YES;
				CLANG_WARN_DIRECT_OBJC_ISA_USAGE = YES_ERROR;
				CLANG_WARN_DOCUMENTATION_COMMENTS = YES;
				CLANG_WARN_EMPTY_BODY = YES;
				CLANG_WARN_ENUM_CONVERSION = YES;
				CLANG_WARN_INFINITE_RECURSION = YES;
				CLANG_WARN_INT_CONVERSION = YES;
				CLANG_WARN_NON_LITERAL_NULL_CONVERSION = YES;
				CLANG_WARN_OBJC_IMPLICIT_RETAIN_SELF = YES;
				CLANG_WARN_OBJC_LITERAL_CONVERSION = YES;
				CLANG_WARN_OBJC_ROOT_CLASS = YES_ERROR;
				CLANG_WARN_QUOTED_INCLUDE_IN_FRAMEWORK_HEADER = YES;
				CLANG_WARN_RANGE_LOOP_ANALYSIS = YES;
				CLANG_WARN_STRICT_PROTOTYPES = YES;
				CLANG_WARN_SUSPICIOUS_MOVE = YES;
				CLANG_WARN_UNGUARDED_AVAILABILITY = YES_AGGRESSIVE;
				CLANG_WARN_UNREACHABLE_CODE = YES;
				CLANG_WARN__DUPLICATE_METHOD_MATCH = YES;
				COPY_PHASE_STRIP = NO;
				DEBUG_INFORMATION_FORMAT = "dwarf-with-dsym";
				ENABLE_NS_ASSERTIONS = NO;
				ENABLE_STRICT_OBJC_MSGSEND = YES;
				GCC_C_LANGUAGE_STANDARD = gnu11;
				GCC_NO_COMMON_BLOCKS = YES;
				GCC_WARN_64_TO_32_BIT_CONVERSION = YES;
				GCC_WARN_ABOUT_RETURN_TYPE = YES_ERROR;
				GCC_WARN_UNDECLARED_SELECTOR = YES;
				GCC_WARN_UNINITIALIZED_AUTOS = YES_AGGRESSIVE;
				GCC_WARN_UNUSED_FUNCTION = YES;
				GCC_WARN_UNUSED_VARIABLE = YES;
				IPHONEOS_DEPLOYMENT_TARGET = 16.4;
				MTL_ENABLE_DEBUG_INFO = NO;
				MTL_FAST_MATH = YES;
				SDKROOT = iphoneos;
				SUPPORTED_PLATFORMS = "iphonesimulator iphoneos";
				SWIFT_COMPILATION_MODE = wholemodule;
				SWIFT_OPTIMIZATION_LEVEL = "-O";
				WATCHOS_DEPLOYMENT_TARGET = 9.4;
			};
			name = Release;
		};
		05491C442A77B854008C59A5 /* Debug */ = {
			isa = XCBuildConfiguration;
			buildSettings = {
				ALWAYS_EMBED_SWIFT_STANDARD_LIBRARIES = YES;
				ASSETCATALOG_COMPILER_APPICON_NAME = AppIcon;
				ASSETCATALOG_COMPILER_GLOBAL_ACCENT_COLOR_NAME = AccentColor;
				CODE_SIGN_ENTITLEMENTS = "Bowling Game iOS/Bowling Game iOS.entitlements";
				CODE_SIGN_IDENTITY = "Apple Development";
				CODE_SIGN_STYLE = Automatic;
				CURRENT_PROJECT_VERSION = 1;
				DEVELOPMENT_TEAM = BJAYFXKN5Y;
				GENERATE_INFOPLIST_FILE = YES;
				INFOPLIST_KEY_CFBundleDisplayName = Bowlmo;
				INFOPLIST_KEY_LSApplicationCategoryType = "public.app-category.family-games";
				INFOPLIST_KEY_UIApplicationSupportsIndirectInputEvents = YES;
				INFOPLIST_KEY_UILaunchStoryboardName = LaunchScreen;
				INFOPLIST_KEY_UIStatusBarHidden = YES;
				INFOPLIST_KEY_UISupportedInterfaceOrientations_iPad = "UIInterfaceOrientationPortrait UIInterfaceOrientationPortraitUpsideDown UIInterfaceOrientationLandscapeLeft UIInterfaceOrientationLandscapeRight";
				INFOPLIST_KEY_UISupportedInterfaceOrientations_iPhone = "UIInterfaceOrientationPortrait UIInterfaceOrientationLandscapeLeft UIInterfaceOrientationLandscapeRight";
				IPHONEOS_DEPLOYMENT_TARGET = 16.4;
				LD_RUNPATH_SEARCH_PATHS = (
					"$(inherited)",
					"@executable_path/Frameworks",
				);
				MARKETING_VERSION = 1.0;
				PRODUCT_BUNDLE_IDENTIFIER = com.carissafarry.Bowlmo;
				PRODUCT_NAME = "Bowling Game";
				PROVISIONING_PROFILE_SPECIFIER = "";
				SDKROOT = iphoneos;
				SUPPORTED_PLATFORMS = "iphoneos iphonesimulator";
				SUPPORTS_MACCATALYST = NO;
				SUPPORTS_MAC_DESIGNED_FOR_IPHONE_IPAD = NO;
				SWIFT_EMIT_LOC_STRINGS = YES;
				SWIFT_VERSION = 5.0;
				TARGETED_DEVICE_FAMILY = 1;
			};
			name = Debug;
		};
		05491C452A77B854008C59A5 /* Release */ = {
			isa = XCBuildConfiguration;
			buildSettings = {
				ALWAYS_EMBED_SWIFT_STANDARD_LIBRARIES = YES;
				ASSETCATALOG_COMPILER_APPICON_NAME = AppIcon;
				ASSETCATALOG_COMPILER_GLOBAL_ACCENT_COLOR_NAME = AccentColor;
				CODE_SIGN_ENTITLEMENTS = "Bowling Game iOS/Bowling Game iOS.entitlements";
				CODE_SIGN_IDENTITY = "Apple Development";
				CODE_SIGN_STYLE = Automatic;
				CURRENT_PROJECT_VERSION = 1;
				DEVELOPMENT_TEAM = BJAYFXKN5Y;
				GENERATE_INFOPLIST_FILE = YES;
				INFOPLIST_KEY_CFBundleDisplayName = Bowlmo;
				INFOPLIST_KEY_LSApplicationCategoryType = "public.app-category.family-games";
				INFOPLIST_KEY_UIApplicationSupportsIndirectInputEvents = YES;
				INFOPLIST_KEY_UILaunchStoryboardName = LaunchScreen;
				INFOPLIST_KEY_UIStatusBarHidden = YES;
				INFOPLIST_KEY_UISupportedInterfaceOrientations_iPad = "UIInterfaceOrientationPortrait UIInterfaceOrientationPortraitUpsideDown UIInterfaceOrientationLandscapeLeft UIInterfaceOrientationLandscapeRight";
				INFOPLIST_KEY_UISupportedInterfaceOrientations_iPhone = "UIInterfaceOrientationPortrait UIInterfaceOrientationLandscapeLeft UIInterfaceOrientationLandscapeRight";
				IPHONEOS_DEPLOYMENT_TARGET = 16.4;
				LD_RUNPATH_SEARCH_PATHS = (
					"$(inherited)",
					"@executable_path/Frameworks",
				);
				MARKETING_VERSION = 1.0;
				PRODUCT_BUNDLE_IDENTIFIER = com.carissafarry.Bowlmo;
				PRODUCT_NAME = "Bowling Game";
				PROVISIONING_PROFILE_SPECIFIER = "";
				SDKROOT = iphoneos;
				SUPPORTED_PLATFORMS = "iphoneos iphonesimulator";
				SUPPORTS_MACCATALYST = NO;
				SUPPORTS_MAC_DESIGNED_FOR_IPHONE_IPAD = NO;
				SWIFT_EMIT_LOC_STRINGS = YES;
				SWIFT_VERSION = 5.0;
				TARGETED_DEVICE_FAMILY = 1;
				VALIDATE_PRODUCT = YES;
			};
			name = Release;
		};
		059E80DA2A7A50DA0069EF60 /* Debug */ = {
			isa = XCBuildConfiguration;
			buildSettings = {
				ASSETCATALOG_COMPILER_APPICON_NAME = AppIcon;
				ASSETCATALOG_COMPILER_GLOBAL_ACCENT_COLOR_NAME = AccentColor;
				CODE_SIGN_ENTITLEMENTS = "Bowling Game Watch App/Bowling Game Watch App.entitlements";
				CODE_SIGN_IDENTITY = "Apple Development";
				CODE_SIGN_STYLE = Automatic;
				CURRENT_PROJECT_VERSION = 1;
				DEVELOPMENT_ASSET_PATHS = "\"Bowling Game Watch App/Preview Content\"";
				DEVELOPMENT_TEAM = BJAYFXKN5Y;
				ENABLE_PREVIEWS = YES;
				GENERATE_INFOPLIST_FILE = YES;
				INFOPLIST_FILE = "Bowling-Game-Watch-App-Info.plist";
				INFOPLIST_KEY_CFBundleDisplayName = Bowlmo;
				INFOPLIST_KEY_UISupportedInterfaceOrientations = "UIInterfaceOrientationPortrait UIInterfaceOrientationPortraitUpsideDown";
				INFOPLIST_KEY_WKCompanionAppBundleIdentifier = com.carissafarry.Bowlmo;
				LD_RUNPATH_SEARCH_PATHS = (
					"$(inherited)",
					"@executable_path/Frameworks",
				);
				MARKETING_VERSION = 1.0;
				PRODUCT_BUNDLE_IDENTIFIER = com.carissafarry.Bowlmo.watchkitapp;
				PRODUCT_NAME = "$(TARGET_NAME)";
				SDKROOT = watchos;
				SKIP_INSTALL = YES;
				SUPPORTED_PLATFORMS = "watchsimulator watchos";
				SWIFT_EMIT_LOC_STRINGS = YES;
				SWIFT_VERSION = 5.0;
				TARGETED_DEVICE_FAMILY = 4;
				WATCHOS_DEPLOYMENT_TARGET = 9.0;
			};
			name = Debug;
		};
		059E80DB2A7A50DA0069EF60 /* Release */ = {
			isa = XCBuildConfiguration;
			buildSettings = {
				ASSETCATALOG_COMPILER_APPICON_NAME = AppIcon;
				ASSETCATALOG_COMPILER_GLOBAL_ACCENT_COLOR_NAME = AccentColor;
				CODE_SIGN_ENTITLEMENTS = "Bowling Game Watch App/Bowling Game Watch App.entitlements";
				CODE_SIGN_IDENTITY = "Apple Development";
				CODE_SIGN_STYLE = Automatic;
				CURRENT_PROJECT_VERSION = 1;
				DEVELOPMENT_ASSET_PATHS = "\"Bowling Game Watch App/Preview Content\"";
				DEVELOPMENT_TEAM = BJAYFXKN5Y;
				ENABLE_PREVIEWS = YES;
				GENERATE_INFOPLIST_FILE = YES;
				INFOPLIST_FILE = "Bowling-Game-Watch-App-Info.plist";
				INFOPLIST_KEY_CFBundleDisplayName = Bowlmo;
				INFOPLIST_KEY_UISupportedInterfaceOrientations = "UIInterfaceOrientationPortrait UIInterfaceOrientationPortraitUpsideDown";
				INFOPLIST_KEY_WKCompanionAppBundleIdentifier = com.carissafarry.Bowlmo;
				LD_RUNPATH_SEARCH_PATHS = (
					"$(inherited)",
					"@executable_path/Frameworks",
				);
				MARKETING_VERSION = 1.0;
				PRODUCT_BUNDLE_IDENTIFIER = com.carissafarry.Bowlmo.watchkitapp;
				PRODUCT_NAME = "$(TARGET_NAME)";
				SDKROOT = watchos;
				SKIP_INSTALL = YES;
				SUPPORTED_PLATFORMS = "watchsimulator watchos";
				SWIFT_EMIT_LOC_STRINGS = YES;
				SWIFT_VERSION = 5.0;
				TARGETED_DEVICE_FAMILY = 4;
				VALIDATE_PRODUCT = YES;
				WATCHOS_DEPLOYMENT_TARGET = 9.0;
			};
			name = Release;
		};
/* End XCBuildConfiguration section */

/* Begin XCConfigurationList section */
		05491C002A77B852008C59A5 /* Build configuration list for PBXProject "Bowling Game" */ = {
			isa = XCConfigurationList;
			buildConfigurations = (
				05491C412A77B854008C59A5 /* Debug */,
				05491C422A77B854008C59A5 /* Release */,
			);
			defaultConfigurationIsVisible = 0;
			defaultConfigurationName = Release;
		};
		05491C432A77B854008C59A5 /* Build configuration list for PBXNativeTarget "Bowling Game iOS" */ = {
			isa = XCConfigurationList;
			buildConfigurations = (
				05491C442A77B854008C59A5 /* Debug */,
				05491C452A77B854008C59A5 /* Release */,
			);
			defaultConfigurationIsVisible = 0;
			defaultConfigurationName = Release;
		};
		059E80D92A7A50DA0069EF60 /* Build configuration list for PBXNativeTarget "Bowling Game Watch App" */ = {
			isa = XCConfigurationList;
			buildConfigurations = (
				059E80DA2A7A50DA0069EF60 /* Debug */,
				059E80DB2A7A50DA0069EF60 /* Release */,
			);
			defaultConfigurationIsVisible = 0;
			defaultConfigurationName = Release;
		};
/* End XCConfigurationList section */
	};
	rootObject = 05491BFD2A77B852008C59A5 /* Project object */;
}
